<?xml version="1.0" encoding="utf-8"?>
<Project ToolsVersion="4.0" xmlns="http://schemas.microsoft.com/developer/msbuild/2003">
  <ItemGroup>
    <Filter Include="Header Files">
      <UniqueIdentifier>{fe360cb2-92fb-416c-a20c-2c8ee2664253}</UniqueIdentifier>
      <Extensions>h;hpp;hxx;hm;inl;inc</Extensions>
    </Filter>
    <Filter Include="Resource Files">
      <UniqueIdentifier>{d89ad19b-6c2f-429f-86c5-c4fbf828ade1}</UniqueIdentifier>
      <Extensions>rc;ico;cur;bmp;dlg;rc2;rct;bin;rgs;jpg;jpeg;jpe;manifest</Extensions>
    </Filter>
    <Filter Include="Resource Files\Source Files">
      <UniqueIdentifier>{1380258d-d430-4d1b-b887-fde2c5d16a2b}</UniqueIdentifier>
      <Extensions>cpp;c;cxx;def;odl;idl;hpj;bat;asm</Extensions>
    </Filter>
  </ItemGroup>
  <ItemGroup>
    <ClCompile Include="$(SRCULIB)\u3270.c">
      <Filter>Resource Files\Source Files</Filter>
    </ClCompile>
    <ClCompile Include="$(SRCULIB)\u32702.c">
      <Filter>Resource Files\Source Files</Filter>
    </ClCompile>
    <ClCompile Include="$(SRCULIB)\u32703.c">
      <Filter>Resource Files\Source Files</Filter>
    </ClCompile>
    <ClCompile Include="$(SRCULIB)\uabend.c">
      <Filter>Resource Files\Source Files</Filter>
    </ClCompile>
    <ClCompile Include="$(SRCULIB)\ualloc.c">
      <Filter>Resource Files\Source Files</Filter>
    </ClCompile>
    <ClCompile Include="$(SRCULIB)\ucalc.c">
      <Filter>Resource Files\Source Files</Filter>
    </ClCompile>
    <ClCompile Include="$(SRCULIB)\ucalc2.c">
      <Filter>Resource Files\Source Files</Filter>
    </ClCompile>
    <ClCompile Include="$(SRCULIB)\ucvebc.c">
      <Filter>Resource Files\Source Files</Filter>
    </ClCompile>
    <ClCompile Include="$(SRCULIB)\ucvebc2.c">
      <Filter>Resource Files\Source Files</Filter>
    </ClCompile>
    <ClCompile Include="$(SRCULIB)\ucvebc3.c">
      <Filter>Resource Files\Source Files</Filter>
    </ClCompile>
    <ClCompile Include="$(SRCULIB)\ucvebc32.c">
      <Filter>Resource Files\Source Files</Filter>
    </ClCompile>
    <ClCompile Include="$(SRCULIB)\ucvebc4.c">
      <Filter>Resource Files\Source Files</Filter>
    </ClCompile>
    <ClCompile Include="$(SRCULIB)\ucvebct.c">
      <Filter>Resource Files\Source Files</Filter>
    </ClCompile>
    <ClCompile Include="$(SRCULIB)\ucvext.c">
      <Filter>Resource Files\Source Files</Filter>
    </ClCompile>
    <ClCompile Include="$(SRCULIB)\ucvext12.c">
      <Filter>Resource Files\Source Files</Filter>
    </ClCompile>
    <ClCompile Include="$(SRCULIB)\ucvext2.c">
      <Filter>Resource Files\Source Files</Filter>
    </ClCompile>
    <ClCompile Include="$(SRCULIB)\ucvucs.c">
      <Filter>Resource Files\Source Files</Filter>
    </ClCompile>
    <ClCompile Include="$(SRCULIB)\ucvucst.c">
      <Filter>Resource Files\Source Files</Filter>
    </ClCompile>
    <ClCompile Include="$(SRCULIB)\udbcschk.c">
      <Filter>Resource Files\Source Files</Filter>
    </ClCompile>
    <ClCompile Include="$(SRCULIB)\udbcsck2.c">
      <Filter>Resource Files\Source Files</Filter>
    </ClCompile>
    <ClCompile Include="$(SRCULIB)\udos.c">
      <Filter>Resource Files\Source Files</Filter>
    </ClCompile>
    <ClCompile Include="$(SRCULIB)\udos2.c">
      <Filter>Resource Files\Source Files</Filter>
    </ClCompile>
    <ClCompile Include="$(SRCULIB)\uedit.c">
      <Filter>Resource Files\Source Files</Filter>
    </ClCompile>
    <ClCompile Include="$(SRCULIB)\uedit2.c">
      <Filter>Resource Files\Source Files</Filter>
    </ClCompile>
    <ClCompile Include="$(SRCULIB)\uerr.c">
      <Filter>Resource Files\Source Files</Filter>
    </ClCompile>
    <ClCompile Include="$(SRCULIB)\ufemsg.c">
      <Filter>Resource Files\Source Files</Filter>
    </ClCompile>
    <ClCompile Include="$(SRCULIB)\ufile.c">
      <Filter>Resource Files\Source Files</Filter>
    </ClCompile>
    <ClCompile Include="$(SRCULIB)\ufile12.c">
      <Filter>Resource Files\Source Files</Filter>
    </ClCompile>
    <ClCompile Include="$(SRCULIB)\ufile1f.c">
      <Filter>Resource Files\Source Files</Filter>
    </ClCompile>
    <ClCompile Include="$(SRCULIB)\ufile2.c">
      <Filter>Resource Files\Source Files</Filter>
    </ClCompile>
    <ClCompile Include="$(SRCULIB)\ufile2f.c">
      <Filter>Resource Files\Source Files</Filter>
    </ClCompile>
    <ClCompile Include="$(SRCULIB)\ufile3.c">
      <Filter>Resource Files\Source Files</Filter>
    </ClCompile>
    <ClCompile Include="$(SRCULIB)\ufile3f.c">
      <Filter>Resource Files\Source Files</Filter>
    </ClCompile>
    <ClCompile Include="$(SRCULIB)\ufile4.c">
      <Filter>Resource Files\Source Files</Filter>
    </ClCompile>
    <ClCompile Include="$(SRCULIB)\ufile5.c">
      <Filter>Resource Files\Source Files</Filter>
    </ClCompile>
    <ClCompile Include="$(SRCULIB)\uftp.c">
      <Filter>Resource Files\Source Files</Filter>
    </ClCompile>
    <ClCompile Include="$(SRCULIB)\uftp2.c">
      <Filter>Resource Files\Source Files</Filter>
    </ClCompile>
    <ClCompile Include="$(SRCULIB)\uftp3.c">
      <Filter>Resource Files\Source Files</Filter>
    </ClCompile>
    <ClCompile Include="$(SRCULIB)\ukbd.c">
      <Filter>Resource Files\Source Files</Filter>
    </ClCompile>
    <ClCompile Include="$(SRCULIB)\ukbdw.c">
      <Filter>Resource Files\Source Files</Filter>
    </ClCompile>
    <ClCompile Include="$(SRCULIB)\umiscf.c">
      <Filter>Resource Files\Source Files</Filter>
    </ClCompile>
    <ClCompile Include="$(SRCULIB)\uparse.c">
      <Filter>Resource Files\Source Files</Filter>
    </ClCompile>
    <ClCompile Include="$(SRCULIB)\uproc.c">
      <Filter>Resource Files\Source Files</Filter>
    </ClCompile>
    <ClCompile Include="$(SRCULIB)\uproc2.c">
      <Filter>Resource Files\Source Files</Filter>
    </ClCompile>
    <ClCompile Include="$(SRCULIB)\uproc22.c">
      <Filter>Resource Files\Source Files</Filter>
    </ClCompile>
    <ClCompile Include="$(SRCULIB)\uproc3.c">
      <Filter>Resource Files\Source Files</Filter>
    </ClCompile>
    <ClCompile Include="$(SRCULIB)\uproc4.c">
      <Filter>Resource Files\Source Files</Filter>
    </ClCompile>
    <ClCompile Include="$(SRCULIB)\uque.c">
      <Filter>Resource Files\Source Files</Filter>
    </ClCompile>
    <ClCompile Include="$(SRCULIB)\uregex.c">
      <Filter>Resource Files\Source Files</Filter>
    </ClCompile>
    <ClCompile Include="$(SRCULIB)\ustring.c">
      <Filter>Resource Files\Source Files</Filter>
    </ClCompile>
    <ClCompile Include="$(SRCULIB)\utf.c">
      <Filter>Resource Files\Source Files</Filter>
    </ClCompile>
    <ClCompile Include="$(SRCULIB)\utf2.c">
      <Filter>Resource Files\Source Files</Filter>
    </ClCompile>
    <ClCompile Include="$(SRCULIB)\utf22.c">
      <Filter>Resource Files\Source Files</Filter>
    </ClCompile>
    <ClCompile Include="$(SRCULIB)\utf3.c">
      <Filter>Resource Files\Source Files</Filter>
    </ClCompile>
    <ClCompile Include="$(SRCULIB)\utf4.c">
      <Filter>Resource Files\Source Files</Filter>
    </ClCompile>
    <ClCompile Include="$(SRCULIB)\utrace.c">
      <Filter>Resource Files\Source Files</Filter>
    </ClCompile>
    <ClCompile Include="$(SRCULIB)\uvio.c">
      <Filter>Resource Files\Source Files</Filter>
    </ClCompile>
    <ClCompile Include="$(SRCULIB)\uvio2.c">
      <Filter>Resource Files\Source Files</Filter>
    </ClCompile>
    <ClCompile Include="$(SRCULIB)\uviom.c">
      <Filter>Resource Files\Source Files</Filter>
    </ClCompile>
    <ClCompile Include="$(SRCULIB)\uwinsub.c">
      <Filter>Resource Files\Source Files</Filter>
    </ClCompile>
    <ClCompile Include="$(SRCXE)\xe.c">
      <Filter>Resource Files\Source Files</Filter>
    </ClCompile>
    <ClCompile Include="$(SRCXE)\xecalc.c">
      <Filter>Resource Files\Source Files</Filter>
    </ClCompile>
    <ClCompile Include="$(SRCXE)\xecalc2.c">
      <Filter>Resource Files\Source Files</Filter>
    </ClCompile>
    <ClCompile Include="$(SRCXE)\xecalc21.c">
      <Filter>Resource Files\Source Files</Filter>
    </ClCompile>
    <ClCompile Include="$(SRCXE)\xecalc22.c">
      <Filter>Resource Files\Source Files</Filter>
    </ClCompile>
    <ClCompile Include="$(SRCXE)\xecalc3.c">
      <Filter>Resource Files\Source Files</Filter>
    </ClCompile>
    <ClCompile Include="$(SRCXE)\xecap.c">
      <Filter>Resource Files\Source Files</Filter>
    </ClCompile>
    <ClCompile Include="$(SRCXE)\xecap2.c">
      <Filter>Resource Files\Source Files</Filter>
    </ClCompile>
    <ClCompile Include="$(SRCXE)\xechar.c">
      <Filter>Resource Files\Source Files</Filter>
    </ClCompile>
    <ClCompile Include="$(SRCXE)\xechar12.c">
      <Filter>Resource Files\Source Files</Filter>
    </ClCompile>
    <ClCompile Include="$(SRCXE)\xechar13.c">
      <Filter>Resource Files\Source Files</Filter>
    </ClCompile>
    <ClCompile Include="$(SRCXE)\xechar2.c">
      <Filter>Resource Files\Source Files</Filter>
    </ClCompile>
    <ClCompile Include="$(SRCXE)\xecsr.c">
      <Filter>Resource Files\Source Files</Filter>
    </ClCompile>
    <ClCompile Include="$(SRCXE)\xedcmd.c">
      <Filter>Resource Files\Source Files</Filter>
    </ClCompile>
    <ClCompile Include="$(SRCXE)\xedcmd2.c">
      <Filter>Resource Files\Source Files</Filter>
    </ClCompile>
    <ClCompile Include="$(SRCXE)\xedcmd3.c">
      <Filter>Resource Files\Source Files</Filter>
    </ClCompile>
    <ClCompile Include="$(SRCXE)\xedcmd4.c">
      <Filter>Resource Files\Source Files</Filter>
    </ClCompile>
    <ClCompile Include="$(SRCXE)\xedir.c">
      <Filter>Resource Files\Source Files</Filter>
    </ClCompile>
    <ClCompile Include="$(SRCXE)\xedir2.c">
      <Filter>Resource Files\Source Files</Filter>
    </ClCompile>
    <ClCompile Include="$(SRCXE)\xedir3.c">
      <Filter>Resource Files\Source Files</Filter>
    </ClCompile>
    <ClCompile Include="$(SRCXE)\xedir4.c">
      <Filter>Resource Files\Source Files</Filter>
    </ClCompile>
    <ClCompile Include="$(SRCXE)\xedlcmd.c">
      <Filter>Resource Files\Source Files</Filter>
    </ClCompile>
    <ClCompile Include="$(SRCXE)\xedlcmd2.c">
      <Filter>Resource Files\Source Files</Filter>
    </ClCompile>
    <ClCompile Include="$(SRCXE)\xedlcmd3.c">
      <Filter>Resource Files\Source Files</Filter>
    </ClCompile>
    <ClCompile Include="$(SRCXE)\xedlcmd4.c">
      <Filter>Resource Files\Source Files</Filter>
    </ClCompile>
    <ClCompile Include="$(SRCXE)\xedlcmd5.c">
      <Filter>Resource Files\Source Files</Filter>
    </ClCompile>
    <ClCompile Include="$(SRCXE)\xedlcmd6.c">
      <Filter>Resource Files\Source Files</Filter>
    </ClCompile>
    <ClCompile Include="$(SRCXE)\xeebc.c">
      <Filter>Resource Files\Source Files</Filter>
    </ClCompile>
    <ClCompile Include="$(SRCXE)\xeerr.c">
      <Filter>Resource Files\Source Files</Filter>
    </ClCompile>
    <ClCompile Include="$(SRCXE)\xefcmd.c">
      <Filter>Resource Files\Source Files</Filter>
    </ClCompile>
    <ClCompile Include="$(SRCXE)\xefcmd2.c">
      <Filter>Resource Files\Source Files</Filter>
    </ClCompile>
    <ClCompile Include="$(SRCXE)\xefcmd22.c">
      <Filter>Resource Files\Source Files</Filter>
    </ClCompile>
    <ClCompile Include="$(SRCXE)\xefcmd23.c">
      <Filter>Resource Files\Source Files</Filter>
    </ClCompile>
    <ClCompile Include="$(SRCXE)\xefcmd24.c">
      <Filter>Resource Files\Source Files</Filter>
    </ClCompile>
    <ClCompile Include="$(SRCXE)\xefcmd25.c">
      <Filter>Resource Files\Source Files</Filter>
    </ClCompile>
    <ClCompile Include="$(SRCXE)\xefcmd26.c">
      <Filter>Resource Files\Source Files</Filter>
    </ClCompile>
    <ClCompile Include="$(SRCXE)\xefcmd27.c">
      <Filter>Resource Files\Source Files</Filter>
    </ClCompile>
    <ClCompile Include="$(SRCXE)\xefcmd3.c">
      <Filter>Resource Files\Source Files</Filter>
    </ClCompile>
    <ClCompile Include="$(SRCXE)\xefcmd4.c">
      <Filter>Resource Files\Source Files</Filter>
    </ClCompile>
    <ClCompile Include="$(SRCXE)\xefcmd42.c">
      <Filter>Resource Files\Source Files</Filter>
    </ClCompile>
    <ClCompile Include="$(SRCXE)\xefcmd43.c">
      <Filter>Resource Files\Source Files</Filter>
    </ClCompile>
    <ClCompile Include="$(SRCXE)\xefcmd5.c">
      <Filter>Resource Files\Source Files</Filter>
    </ClCompile>
    <ClCompile Include="$(SRCXE)\xefcmd6.c">
      <Filter>Resource Files\Source Files</Filter>
    </ClCompile>
    <ClCompile Include="$(SRCXE)\xefile.c">
      <Filter>Resource Files\Source Files</Filter>
    </ClCompile>
    <ClCompile Include="$(SRCXE)\xefile12.c">
      <Filter>Resource Files\Source Files</Filter>
    </ClCompile>
    <ClCompile Include="$(SRCXE)\xefile13.c">
      <Filter>Resource Files\Source Files</Filter>
    </ClCompile>
    <ClCompile Include="$(SRCXE)\xefile14.c">
      <Filter>Resource Files\Source Files</Filter>
    </ClCompile>
    <ClCompile Include="$(SRCXE)\xefile15.c">
      <Filter>Resource Files\Source Files</Filter>
    </ClCompile>
    <ClCompile Include="$(SRCXE)\xefile2.c">
      <Filter>Resource Files\Source Files</Filter>
    </ClCompile>
    <ClCompile Include="$(SRCXE)\xefile22.c">
      <Filter>Resource Files\Source Files</Filter>
    </ClCompile>
    <ClCompile Include="$(SRCXE)\xefile23.c">
      <Filter>Resource Files\Source Files</Filter>
    </ClCompile>
    <ClCompile Include="$(SRCXE)\xefile3.c">
      <Filter>Resource Files\Source Files</Filter>
    </ClCompile>
    <ClCompile Include="$(SRCXE)\xefile4.c">
      <Filter>Resource Files\Source Files</Filter>
    </ClCompile>
    <ClCompile Include="$(SRCXE)\xefile42.c">
      <Filter>Resource Files\Source Files</Filter>
    </ClCompile>
    <ClCompile Include="$(SRCXE)\xefile43.c">
      <Filter>Resource Files\Source Files</Filter>
    </ClCompile>
    <ClCompile Include="$(SRCXE)\xefile5.c">
      <Filter>Resource Files\Source Files</Filter>
    </ClCompile>
    <ClCompile Include="$(SRCXE)\xefile6.c">
      <Filter>Resource Files\Source Files</Filter>
    </ClCompile>
    <ClCompile Include="$(SRCXE)\xefile7.c">
      <Filter>Resource Files\Source Files</Filter>
    </ClCompile>
    <ClCompile Include="$(SRCXE)\xefsub.c">
      <Filter>Resource Files\Source Files</Filter>
    </ClCompile>
    <ClCompile Include="$(SRCXE)\xeftp.c">
      <Filter>Resource Files\Source Files</Filter>
    </ClCompile>
    <ClCompile Include="$(SRCXE)\xefunc.c">
      <Filter>Resource Files\Source Files</Filter>
    </ClCompile>
    <ClCompile Include="$(SRCXE)\xefunc2.c">
      <Filter>Resource Files\Source Files</Filter>
    </ClCompile>
    <ClCompile Include="$(SRCXE)\xefunct.c">
      <Filter>Resource Files\Source Files</Filter>
    </ClCompile>
    <ClCompile Include="$(SRCXE)\xefunct2.c">
      <Filter>Resource Files\Source Files</Filter>
    </ClCompile>
    <ClCompile Include="$(SRCXE)\xegbl.c">
      <Filter>Resource Files\Source Files</Filter>
    </ClCompile>
    <ClCompile Include="$(SRCXE)\xeini.c">
      <Filter>Resource Files\Source Files</Filter>
    </ClCompile>
    <ClCompile Include="$(SRCXE)\xeini2.c">
      <Filter>Resource Files\Source Files</Filter>
    </ClCompile>
    <ClCompile Include="$(SRCXE)\xeini3.c">
      <Filter>Resource Files\Source Files</Filter>
    </ClCompile>
    <ClCompile Include="$(SRCXE)\xekbd.c">
      <Filter>Resource Files\Source Files</Filter>
    </ClCompile>
    <ClCompile Include="$(SRCXE)\xelcmd.c">
      <Filter>Resource Files\Source Files</Filter>
    </ClCompile>
    <ClCompile Include="$(SRCXE)\xelcmd2.c">
      <Filter>Resource Files\Source Files</Filter>
    </ClCompile>
    <ClCompile Include="$(SRCXE)\xelcmd3.c">
      <Filter>Resource Files\Source Files</Filter>
    </ClCompile>
    <ClCompile Include="$(SRCXE)\xelcmd4.c">
      <Filter>Resource Files\Source Files</Filter>
    </ClCompile>
    <ClCompile Include="$(SRCXE)\xelcmd5.c">
      <Filter>Resource Files\Source Files</Filter>
    </ClCompile>
    <ClCompile Include="$(SRCXE)\xeopt.c">
      <Filter>Resource Files\Source Files</Filter>
    </ClCompile>
    <ClCompile Include="$(SRCXE)\xeopt2.c">
      <Filter>Resource Files\Source Files</Filter>
    </ClCompile>
    <ClCompile Include="$(SRCXE)\xepan.c">
      <Filter>Resource Files\Source Files</Filter>
    </ClCompile>
    <ClCompile Include="$(SRCXE)\xepan2.c">
      <Filter>Resource Files\Source Files</Filter>
    </ClCompile>
    <ClCompile Include="$(SRCXE)\xepan22.c">
      <Filter>Resource Files\Source Files</Filter>
    </ClCompile>
    <ClCompile Include="$(SRCXE)\xepan23.c">
      <Filter>Resource Files\Source Files</Filter>
    </ClCompile>
    <ClCompile Include="$(SRCXE)\xepan24.c">
      <Filter>Resource Files\Source Files</Filter>
    </ClCompile>
    <ClCompile Include="$(SRCXE)\xepan3.c">
      <Filter>Resource Files\Source Files</Filter>
    </ClCompile>
    <ClCompile Include="$(SRCXE)\xescr.c">
      <Filter>Resource Files\Source Files</Filter>
    </ClCompile>
    <ClCompile Include="$(SRCXE)\xescr2.c">
      <Filter>Resource Files\Source Files</Filter>
    </ClCompile>
    <ClCompile Include="$(SRCXE)\xesub.c">
      <Filter>Resource Files\Source Files</Filter>
    </ClCompile>
    <ClCompile Include="$(SRCXE)\xesub2.c">
      <Filter>Resource Files\Source Files</Filter>
    </ClCompile>
    <ClCompile Include="$(SRCXE)\xesyn.c">
      <Filter>Resource Files\Source Files</Filter>
    </ClCompile>
    <ClCompile Include="$(SRCXE)\xesyn2.c">
      <Filter>Resource Files\Source Files</Filter>
    </ClCompile>
    <ClCompile Include="$(SRCXE)\xesyscmd.c">
      <Filter>Resource Files\Source Files</Filter>
    </ClCompile>
    <ClCompile Include="$(SRCXE)\xetso.c">
      <Filter>Resource Files\Source Files</Filter>
    </ClCompile>
    <ClCompile Include="$(SRCXE)\xetso2.c">
      <Filter>Resource Files\Source Files</Filter>
    </ClCompile>
    <ClCompile Include="$(SRCXE)\xeundo.c">
      <Filter>Resource Files\Source Files</Filter>
    </ClCompile>
    <ClCompile Include="$(SRCXE)\xeutf.c">
      <Filter>Resource Files\Source Files</Filter>
    </ClCompile>
    <ClCompile Include="$(SRCXE)\xeutf2.c">
      <Filter>Resource Files\Source Files</Filter>
    </ClCompile>
    <ClCompile Include="$(SRCWXE2010)\MainFrm.cpp">
      <Filter>Resource Files\Source Files</Filter>
    </ClCompile>
    <ClCompile Include="$(SRCWXE2010)\stdafx.cpp">
      <Filter>Resource Files\Source Files</Filter>
    </ClCompile>
    <ClCompile Include="$(SRCWXE2010)\wxe.cpp">
      <Filter>Resource Files\Source Files</Filter>
    </ClCompile>
    <ClCompile Include="$(SRCWXE2010)\wxedlg.cpp">
      <Filter>Resource Files\Source Files</Filter>
    </ClCompile>
    <ClCompile Include="$(SRCWXE2010)\wxedoc.cpp">
      <Filter>Resource Files\Source Files</Filter>
    </ClCompile>
    <ClCompile Include="$(SRCWXE2010)\wxefile.cpp">
      <Filter>Resource Files\Source Files</Filter>
    </ClCompile>
    <ClCompile Include="$(SRCWXE2010)\wxekbd.cpp">
      <Filter>Resource Files\Source Files</Filter>
    </ClCompile>
    <ClCompile Include="$(SRCWXE2010)\wxemain.cpp">
      <Filter>Resource Files\Source Files</Filter>
    </ClCompile>
    <ClCompile Include="$(SRCWXE2010)\wxemouse.cpp">
      <Filter>Resource Files\Source Files</Filter>
    </ClCompile>
    <ClCompile Include="$(SRCWXE2010)\wxepage.cpp">
      <Filter>Resource Files\Source Files</Filter>
    </ClCompile>
    <ClCompile Include="$(SRCWXE2010)\wxeprt.cpp">
      <Filter>Resource Files\Source Files</Filter>
    </ClCompile>
    <ClCompile Include="$(SRCWXE2010)\wxescr.cpp">
      <Filter>Resource Files\Source Files</Filter>
    </ClCompile>
    <ClCompile Include="$(SRCWXE2010)\wxeview.cpp">
      <Filter>Resource Files\Source Files</Filter>
    </ClCompile>
    <ClCompile Include="$(SRCWXE2010)\wxecsub.c">
      <Filter>Resource Files\Source Files</Filter>
    </ClCompile>
    <ClCompile Include="$(SRCWXE2010)\wxecsub2.c">
      <Filter>Resource Files\Source Files</Filter>
    </ClCompile>
    <ClCompile Include="$(SRCWXE2010)\wxexei.c">
      <Filter>Resource Files\Source Files</Filter>
    </ClCompile>
    <ClCompile Include="$(SRCWXE2010)\wxexei2.c">
      <Filter>Resource Files\Source Files</Filter>
    </ClCompile>
    <ClCompile Include="$(SRCWXE2010)\wxexei3.c">
      <Filter>Resource Files\Source Files</Filter>
    </ClCompile>
    <ClCompile Include="$(SRCULIB)\ufilew.c">
      <Filter>Resource Files\Source Files</Filter>
    </ClCompile>
    <ClCompile Include="$(SRCULIB)\ustrcpy.c">
      <Filter>Resource Files\Source Files</Filter>
    </ClCompile>
    <ClCompile Include="$(SRCXE)\xefsubw.c">
      <Filter>Resource Files\Source Files</Filter>
    </ClCompile>
    <ClCompile Include="G:\src\xe\xefcmd7.c">
      <Filter>Resource Files\Source Files</Filter>
    </ClCompile>
    <ClCompile Include="G:\src\ulib\ueh.c">
      <Filter>Resource Files\Source Files</Filter>
    </ClCompile>
    <ClCompile Include="G:\src\ulib\uehmsg.c">
      <Filter>Resource Files\Source Files</Filter>
    </ClCompile>
  </ItemGroup>
  <ItemGroup>
    <ClInclude Include="$(SRCULIB)\os2.h">
      <Filter>Header Files</Filter>
    </ClInclude>
    <ClInclude Include="$(SRCULIB)\u3270.h">
      <Filter>Header Files</Filter>
    </ClInclude>
    <ClInclude Include="$(SRCULIB)\u32702.h">
      <Filter>Header Files</Filter>
    </ClInclude>
    <ClInclude Include="$(SRCULIB)\uabend.h">
      <Filter>Header Files</Filter>
    </ClInclude>
    <ClInclude Include="$(SRCULIB)\ualloc.h">
      <Filter>Header Files</Filter>
    </ClInclude>
    <ClInclude Include="$(SRCULIB)\ucalc.h">
      <Filter>Header Files</Filter>
    </ClInclude>
    <ClInclude Include="$(SRCULIB)\ucalc2.h">
      <Filter>Header Files</Filter>
    </ClInclude>
    <ClInclude Include="$(SRCULIB)\ucurses.h">
      <Filter>Header Files</Filter>
    </ClInclude>
    <ClInclude Include="$(SRCULIB)\ucvebc.h">
      <Filter>Header Files</Filter>
    </ClInclude>
    <ClInclude Include="$(SRCULIB)\ucvebc2.h">
      <Filter>Header Files</Filter>
    </ClInclude>
    <ClInclude Include="$(SRCULIB)\ucvext.h">
      <Filter>Header Files</Filter>
    </ClInclude>
    <ClInclude Include="$(SRCULIB)\ucvext2.h">
      <Filter>Header Files</Filter>
    </ClInclude>
    <ClInclude Include="$(SRCULIB)\ucvucs.h">
      <Filter>Header Files</Filter>
    </ClInclude>
    <ClInclude Include="$(SRCULIB)\ucvucst.h">
      <Filter>Header Files</Filter>
    </ClInclude>
    <ClInclude Include="$(SRCULIB)\udbcschk.h">
      <Filter>Header Files</Filter>
    </ClInclude>
    <ClInclude Include="$(SRCULIB)\udos.h">
      <Filter>Header Files</Filter>
    </ClInclude>
    <ClInclude Include="$(SRCULIB)\udos2.h">
      <Filter>Header Files</Filter>
    </ClInclude>
    <ClInclude Include="$(SRCULIB)\uedit.h">
      <Filter>Header Files</Filter>
    </ClInclude>
    <ClInclude Include="$(SRCULIB)\uedit2.h">
      <Filter>Header Files</Filter>
    </ClInclude>
    <ClInclude Include="$(SRCULIB)\ueh.h">
      <Filter>Header Files</Filter>
    </ClInclude>
    <ClInclude Include="$(SRCULIB)\uehdump.h">
      <Filter>Header Files</Filter>
    </ClInclude>
    <ClInclude Include="$(SRCULIB)\uehmsg.h">
      <Filter>Header Files</Filter>
    </ClInclude>
    <ClInclude Include="$(SRCULIB)\uerr.h">
      <Filter>Header Files</Filter>
    </ClInclude>
    <ClInclude Include="$(SRCULIB)\ufemsg.h">
      <Filter>Header Files</Filter>
    </ClInclude>
    <ClInclude Include="$(SRCULIB)\ufile.h">
      <Filter>Header Files</Filter>
    </ClInclude>
    <ClInclude Include="$(SRCULIB)\ufile1f.h">
      <Filter>Header Files</Filter>
    </ClInclude>
    <ClInclude Include="$(SRCULIB)\ufile2.h">
      <Filter>Header Files</Filter>
    </ClInclude>
    <ClInclude Include="$(SRCULIB)\ufile3.h">
      <Filter>Header Files</Filter>
    </ClInclude>
    <ClInclude Include="$(SRCULIB)\ufile4.h">
      <Filter>Header Files</Filter>
    </ClInclude>
    <ClInclude Include="$(SRCULIB)\ufile5.h">
      <Filter>Header Files</Filter>
    </ClInclude>
    <ClInclude Include="$(SRCULIB)\uftp.h">
      <Filter>Header Files</Filter>
    </ClInclude>
    <ClInclude Include="$(SRCULIB)\uftp3.h">
      <Filter>Header Files</Filter>
    </ClInclude>
    <ClInclude Include="$(SRCULIB)\ufuncmap.h">
      <Filter>Header Files</Filter>
    </ClInclude>
    <ClInclude Include="$(SRCULIB)\ugcclib.h">
      <Filter>Header Files</Filter>
    </ClInclude>
    <ClInclude Include="$(SRCULIB)\uicu.h">
      <Filter>Header Files</Filter>
    </ClInclude>
    <ClInclude Include="$(SRCULIB)\ukbd.h">
      <Filter>Header Files</Filter>
    </ClInclude>
    <ClInclude Include="$(SRCULIB)\ukbdsym.h">
      <Filter>Header Files</Filter>
    </ClInclude>
    <ClInclude Include="$(SRCULIB)\ukbdw.h">
      <Filter>Header Files</Filter>
    </ClInclude>
    <ClInclude Include="$(SRCULIB)\ulib.h">
      <Filter>Header Files</Filter>
    </ClInclude>
    <ClInclude Include="$(SRCULIB)\ulibdef.h">
      <Filter>Header Files</Filter>
    </ClInclude>
    <ClInclude Include="$(SRCULIB)\ulibdefc.h">
      <Filter>Header Files</Filter>
    </ClInclude>
    <ClInclude Include="$(SRCULIB)\ulibdefu.h">
      <Filter>Header Files</Filter>
    </ClInclude>
    <ClInclude Include="$(SRCULIB)\ulibos2.h">
      <Filter>Header Files</Filter>
    </ClInclude>
    <ClInclude Include="$(SRCULIB)\umiscf.h">
      <Filter>Header Files</Filter>
    </ClInclude>
    <ClInclude Include="$(SRCULIB)\uparse.h">
      <Filter>Header Files</Filter>
    </ClInclude>
    <ClInclude Include="$(SRCULIB)\upopup.h">
      <Filter>Header Files</Filter>
    </ClInclude>
    <ClInclude Include="$(SRCULIB)\uproc.h">
      <Filter>Header Files</Filter>
    </ClInclude>
    <ClInclude Include="$(SRCULIB)\uproc2.h">
      <Filter>Header Files</Filter>
    </ClInclude>
    <ClInclude Include="$(SRCULIB)\uproc4.h">
      <Filter>Header Files</Filter>
    </ClInclude>
    <ClInclude Include="$(SRCULIB)\uque.h">
      <Filter>Header Files</Filter>
    </ClInclude>
    <ClInclude Include="$(SRCULIB)\uregex.h">
      <Filter>Header Files</Filter>
    </ClInclude>
    <ClInclude Include="$(SRCULIB)\ustring.h">
      <Filter>Header Files</Filter>
    </ClInclude>
    <ClInclude Include="$(SRCULIB)\utf.h">
      <Filter>Header Files</Filter>
    </ClInclude>
    <ClInclude Include="$(SRCULIB)\utf2.h">
      <Filter>Header Files</Filter>
    </ClInclude>
    <ClInclude Include="$(SRCULIB)\utf22.h">
      <Filter>Header Files</Filter>
    </ClInclude>
    <ClInclude Include="$(SRCULIB)\utils.h">
      <Filter>Header Files</Filter>
    </ClInclude>
    <ClInclude Include="$(SRCULIB)\utrace.h">
      <Filter>Header Files</Filter>
    </ClInclude>
    <ClInclude Include="$(SRCULIB)\uvio.h">
      <Filter>Header Files</Filter>
    </ClInclude>
    <ClInclude Include="$(SRCULIB)\uvio2.h">
      <Filter>Header Files</Filter>
    </ClInclude>
    <ClInclude Include="$(SRCULIB)\uviom.h">
      <Filter>Header Files</Filter>
    </ClInclude>
    <ClInclude Include="$(SRCULIB)\uviow.h">
      <Filter>Header Files</Filter>
    </ClInclude>
    <ClInclude Include="$(SRCULIB)\uwinsp.h">
      <Filter>Header Files</Filter>
    </ClInclude>
    <ClInclude Include="$(SRCULIB)\uwinsub.h">
      <Filter>Header Files</Filter>
    </ClInclude>
    <ClInclude Include="$(SRCULIB)\ucvebc4.h">
      <Filter>Header Files</Filter>
    </ClInclude>
    <ClInclude Include="$(SRCULIB)\ucvext12.h">
      <Filter>Header Files</Filter>
    </ClInclude>
    <ClInclude Include="$(SRCULIB)\ulibarm.h">
      <Filter>Header Files</Filter>
    </ClInclude>
    <ClInclude Include="$(SRCXE)\xecalc21.h">
      <Filter>Header Files</Filter>
    </ClInclude>
    <ClInclude Include="$(SRCXE)\xe.h">
      <Filter>Header Files</Filter>
    </ClInclude>
    <ClInclude Include="$(SRCXE)\xe3270.h">
      <Filter>Header Files</Filter>
    </ClInclude>
    <ClInclude Include="$(SRCXE)\xe3270s.h">
      <Filter>Header Files</Filter>
    </ClInclude>
    <ClInclude Include="$(SRCXE)\xeacb.h">
      <Filter>Header Files</Filter>
    </ClInclude>
    <ClInclude Include="$(SRCXE)\xecalc.h">
      <Filter>Header Files</Filter>
    </ClInclude>
    <ClInclude Include="$(SRCXE)\xecalc2.h">
      <Filter>Header Files</Filter>
    </ClInclude>
    <ClInclude Include="$(SRCXE)\xecalc3.h">
      <Filter>Header Files</Filter>
    </ClInclude>
    <ClInclude Include="$(SRCXE)\xecap.h">
      <Filter>Header Files</Filter>
    </ClInclude>
    <ClInclude Include="$(SRCXE)\xecap2.h">
      <Filter>Header Files</Filter>
    </ClInclude>
    <ClInclude Include="$(SRCXE)\xechar.h">
      <Filter>Header Files</Filter>
    </ClInclude>
    <ClInclude Include="$(SRCXE)\xechar12.h">
      <Filter>Header Files</Filter>
    </ClInclude>
    <ClInclude Include="$(SRCXE)\xechar2.h">
      <Filter>Header Files</Filter>
    </ClInclude>
    <ClInclude Include="$(SRCXE)\xecsr.h">
      <Filter>Header Files</Filter>
    </ClInclude>
    <ClInclude Include="$(SRCXE)\xedcmd.h">
      <Filter>Header Files</Filter>
    </ClInclude>
    <ClInclude Include="$(SRCXE)\xedcmd2.h">
      <Filter>Header Files</Filter>
    </ClInclude>
    <ClInclude Include="$(SRCXE)\xedcmd3.h">
      <Filter>Header Files</Filter>
    </ClInclude>
    <ClInclude Include="$(SRCXE)\xedcmd4.h">
      <Filter>Header Files</Filter>
    </ClInclude>
    <ClInclude Include="$(SRCXE)\xedir.h">
      <Filter>Header Files</Filter>
    </ClInclude>
    <ClInclude Include="$(SRCXE)\xedir2.h">
      <Filter>Header Files</Filter>
    </ClInclude>
    <ClInclude Include="$(SRCXE)\xedir3.h">
      <Filter>Header Files</Filter>
    </ClInclude>
    <ClInclude Include="$(SRCXE)\xedir4.h">
      <Filter>Header Files</Filter>
    </ClInclude>
    <ClInclude Include="$(SRCXE)\xedlcmd.h">
      <Filter>Header Files</Filter>
    </ClInclude>
    <ClInclude Include="$(SRCXE)\xedlcmd2.h">
      <Filter>Header Files</Filter>
    </ClInclude>
    <ClInclude Include="$(SRCXE)\xedlcmd3.h">
      <Filter>Header Files</Filter>
    </ClInclude>
    <ClInclude Include="$(SRCXE)\xedlcmd4.h">
      <Filter>Header Files</Filter>
    </ClInclude>
    <ClInclude Include="$(SRCXE)\xedlcmd5.h">
      <Filter>Header Files</Filter>
    </ClInclude>
    <ClInclude Include="$(SRCXE)\xedlcmd6.h">
      <Filter>Header Files</Filter>
    </ClInclude>
    <ClInclude Include="$(SRCXE)\xeerr.h">
      <Filter>Header Files</Filter>
    </ClInclude>
    <ClInclude Include="$(SRCXE)\xefcmd.h">
      <Filter>Header Files</Filter>
    </ClInclude>
    <ClInclude Include="$(SRCXE)\xefcmd2.h">
      <Filter>Header Files</Filter>
    </ClInclude>
    <ClInclude Include="$(SRCXE)\xefcmd22.h">
      <Filter>Header Files</Filter>
    </ClInclude>
    <ClInclude Include="$(SRCXE)\xefcmd23.h">
      <Filter>Header Files</Filter>
    </ClInclude>
    <ClInclude Include="$(SRCXE)\xefcmd24.h">
      <Filter>Header Files</Filter>
    </ClInclude>
    <ClInclude Include="$(SRCXE)\xefcmd27.h">
      <Filter>Header Files</Filter>
    </ClInclude>
    <ClInclude Include="$(SRCXE)\xefcmd3.h">
      <Filter>Header Files</Filter>
    </ClInclude>
    <ClInclude Include="$(SRCXE)\xefcmd4.h">
      <Filter>Header Files</Filter>
    </ClInclude>
    <ClInclude Include="$(SRCXE)\xefcmd5.h">
      <Filter>Header Files</Filter>
    </ClInclude>
    <ClInclude Include="$(SRCXE)\xefcmd6.h">
      <Filter>Header Files</Filter>
    </ClInclude>
    <ClInclude Include="$(SRCXE)\xefile.h">
      <Filter>Header Files</Filter>
    </ClInclude>
    <ClInclude Include="$(SRCXE)\xefile12.h">
      <Filter>Header Files</Filter>
    </ClInclude>
    <ClInclude Include="$(SRCXE)\xefile13.h">
      <Filter>Header Files</Filter>
    </ClInclude>
    <ClInclude Include="$(SRCXE)\xefile14.h">
      <Filter>Header Files</Filter>
    </ClInclude>
    <ClInclude Include="$(SRCXE)\xefile2.h">
      <Filter>Header Files</Filter>
    </ClInclude>
    <ClInclude Include="$(SRCXE)\xefile22.h">
      <Filter>Header Files</Filter>
    </ClInclude>
    <ClInclude Include="$(SRCXE)\xefile3.h">
      <Filter>Header Files</Filter>
    </ClInclude>
    <ClInclude Include="$(SRCXE)\xefile4.h">
      <Filter>Header Files</Filter>
    </ClInclude>
    <ClInclude Include="$(SRCXE)\xefile42.h">
      <Filter>Header Files</Filter>
    </ClInclude>
    <ClInclude Include="$(SRCXE)\xefile43.h">
      <Filter>Header Files</Filter>
    </ClInclude>
    <ClInclude Include="$(SRCXE)\xefile5.h">
      <Filter>Header Files</Filter>
    </ClInclude>
    <ClInclude Include="$(SRCXE)\xefile6.h">
      <Filter>Header Files</Filter>
    </ClInclude>
    <ClInclude Include="$(SRCXE)\xefile7.h">
      <Filter>Header Files</Filter>
    </ClInclude>
    <ClInclude Include="$(SRCXE)\xefsub.h">
      <Filter>Header Files</Filter>
    </ClInclude>
    <ClInclude Include="$(SRCXE)\xeftp.h">
      <Filter>Header Files</Filter>
    </ClInclude>
    <ClInclude Include="$(SRCXE)\xefunc.h">
      <Filter>Header Files</Filter>
    </ClInclude>
    <ClInclude Include="$(SRCXE)\xefunc2.h">
      <Filter>Header Files</Filter>
    </ClInclude>
    <ClInclude Include="$(SRCXE)\xefunct.h">
      <Filter>Header Files</Filter>
    </ClInclude>
    <ClInclude Include="$(SRCXE)\xegbl.h">
      <Filter>Header Files</Filter>
    </ClInclude>
    <ClInclude Include="$(SRCXE)\xeini.h">
      <Filter>Header Files</Filter>
    </ClInclude>
    <ClInclude Include="$(SRCXE)\xeini2.h">
      <Filter>Header Files</Filter>
    </ClInclude>
    <ClInclude Include="$(SRCXE)\xeini3.h">
      <Filter>Header Files</Filter>
    </ClInclude>
    <ClInclude Include="$(SRCXE)\xekbd.h">
      <Filter>Header Files</Filter>
    </ClInclude>
    <ClInclude Include="$(SRCXE)\xelcmd.h">
      <Filter>Header Files</Filter>
    </ClInclude>
    <ClInclude Include="$(SRCXE)\xelcmd2.h">
      <Filter>Header Files</Filter>
    </ClInclude>
    <ClInclude Include="$(SRCXE)\xelcmd3.h">
      <Filter>Header Files</Filter>
    </ClInclude>
    <ClInclude Include="$(SRCXE)\xelcmd4.h">
      <Filter>Header Files</Filter>
    </ClInclude>
    <ClInclude Include="$(SRCXE)\xelcmd5.h">
      <Filter>Header Files</Filter>
    </ClInclude>
    <ClInclude Include="$(SRCXE)\xeopt.h">
      <Filter>Header Files</Filter>
    </ClInclude>
    <ClInclude Include="$(SRCXE)\xepan.h">
      <Filter>Header Files</Filter>
    </ClInclude>
    <ClInclude Include="$(SRCXE)\xepan2.h">
      <Filter>Header Files</Filter>
    </ClInclude>
    <ClInclude Include="$(SRCXE)\xepan22.h">
      <Filter>Header Files</Filter>
    </ClInclude>
    <ClInclude Include="$(SRCXE)\xepan3.h">
      <Filter>Header Files</Filter>
    </ClInclude>
    <ClInclude Include="$(SRCXE)\xescr.h">
      <Filter>Header Files</Filter>
    </ClInclude>
    <ClInclude Include="$(SRCXE)\xescr2.h">
      <Filter>Header Files</Filter>
    </ClInclude>
    <ClInclude Include="$(SRCXE)\xeshm.h">
      <Filter>Header Files</Filter>
    </ClInclude>
    <ClInclude Include="$(SRCXE)\xeshms.h">
      <Filter>Header Files</Filter>
    </ClInclude>
    <ClInclude Include="$(SRCXE)\xesub.h">
      <Filter>Header Files</Filter>
    </ClInclude>
    <ClInclude Include="$(SRCXE)\xesub2.h">
      <Filter>Header Files</Filter>
    </ClInclude>
    <ClInclude Include="$(SRCXE)\xesyn.h">
      <Filter>Header Files</Filter>
    </ClInclude>
    <ClInclude Include="$(SRCXE)\xesyn2.h">
      <Filter>Header Files</Filter>
    </ClInclude>
    <ClInclude Include="$(SRCXE)\xesyscmd.h">
      <Filter>Header Files</Filter>
    </ClInclude>
    <ClInclude Include="$(SRCXE)\xetso.h">
      <Filter>Header Files</Filter>
    </ClInclude>
    <ClInclude Include="$(SRCXE)\xeundo.h">
      <Filter>Header Files</Filter>
    </ClInclude>
    <ClInclude Include="$(SRCXE)\xeutf.h">
      <Filter>Header Files</Filter>
    </ClInclude>
    <ClInclude Include="$(SRCXE)\xeutf2.h">
      <Filter>Header Files</Filter>
    </ClInclude>
    <ClInclude Include="$(SRCXE)\xeebc.h">
      <Filter>Header Files</Filter>
    </ClInclude>
    <ClInclude Include="$(SRCXE)\xeacbdmy.h">
      <Filter>Header Files</Filter>
    </ClInclude>
    <ClInclude Include="$(SRCXE)\xefcmd43.h">
      <Filter>Header Files</Filter>
    </ClInclude>
    <ClInclude Include="$(SRCXE)\xearm.h">
      <Filter>Header Files</Filter>
    </ClInclude>
    <ClInclude Include="$(SRCWXE2010)\AboutDlg.h">
      <Filter>Header Files</Filter>
    </ClInclude>
    <ClInclude Include="$(SRCWXE2010)\DragOut.h">
      <Filter>Header Files</Filter>
    </ClInclude>
    <ClInclude Include="$(SRCWXE2010)\MainFrm.h">
      <Filter>Header Files</Filter>
    </ClInclude>
    <ClInclude Include="$(SRCWXE2010)\mfc.h">
      <Filter>Header Files</Filter>
    </ClInclude>
    <ClInclude Include="$(SRCWXE2010)\resource.h">
      <Filter>Header Files</Filter>
    </ClInclude>
    <ClInclude Include="$(SRCWXE2010)\wxe.h">
      <Filter>Header Files</Filter>
    </ClInclude>
    <ClInclude Include="$(SRCWXE2010)\wxecsub.h">
      <Filter>Header Files</Filter>
    </ClInclude>
    <ClInclude Include="$(SRCWXE2010)\wxedef.h">
      <Filter>Header Files</Filter>
    </ClInclude>
    <ClInclude Include="$(SRCWXE2010)\Wxedlg.h">
      <Filter>Header Files</Filter>
    </ClInclude>
    <ClInclude Include="$(SRCWXE2010)\wxeDoc.h">
      <Filter>Header Files</Filter>
    </ClInclude>
    <ClInclude Include="$(SRCWXE2010)\wxefile.h">
      <Filter>Header Files</Filter>
    </ClInclude>
    <ClInclude Include="$(SRCWXE2010)\wxehelp.h">
      <Filter>Header Files</Filter>
    </ClInclude>
    <ClInclude Include="$(SRCWXE2010)\wxehelps.h">
      <Filter>Header Files</Filter>
    </ClInclude>
    <ClInclude Include="$(SRCWXE2010)\wxemain.h">
      <Filter>Header Files</Filter>
    </ClInclude>
    <ClInclude Include="$(SRCWXE2010)\Wxepage.h">
      <Filter>Header Files</Filter>
    </ClInclude>
    <ClInclude Include="$(SRCWXE2010)\wxeView.h">
      <Filter>Header Files</Filter>
    </ClInclude>
    <ClInclude Include="$(SRCWXE2010)\wxexei.h">
      <Filter>Header Files</Filter>
    </ClInclude>
    <ClInclude Include="$(SRCWXE2010)\wxexei3.h">
      <Filter>Header Files</Filter>
    </ClInclude>
    <ClInclude Include="$(SRCWXE2010)\stdafx.h">
      <Filter>Header Files</Filter>
    </ClInclude>
    <ClInclude Include="$(SRCULIB)\ufilew.h">
      <Filter>Header Files</Filter>
    </ClInclude>
    <ClInclude Include="$(SRCULIB)\ulibdefw.h">
      <Filter>Header Files</Filter>
    </ClInclude>
    <ClInclude Include="$(SRCULIB)\ustrcpy.h">
      <Filter>Header Files</Filter>
    </ClInclude>
    <ClInclude Include="$(SRCXE)\xefsubw.h">
      <Filter>Header Files</Filter>
    </ClInclude>
    <ClInclude Include="G:\src\xe\xefcmd7.h">
      <Filter>Header Files</Filter>
    </ClInclude>
  </ItemGroup>
  <ItemGroup>
    <ResourceCompile Include="$(SRCWXE2010)\wxe.rc">
      <Filter>Resource Files</Filter>
    </ResourceCompile>
  </ItemGroup>
  <ItemGroup>
    <None Include="res\toolbar.bmp">
      <Filter>Resource Files</Filter>
    </None>
    <None Include="res\wxe.ico">
      <Filter>Resource Files</Filter>
    </None>
  </ItemGroup>
</Project>